// !$*UTF8*$!
{
	archiveVersion = 1;
	classes = {
	};
	objectVersion = 51;
	objects = {

/* Begin PBXBuildFile section */
		7600944624256BA900508A07 /* Item.swift in Sources */ = {isa = PBXBuildFile; fileRef = 7600944524256BA900508A07 /* Item.swift */; };
		7600944824259B1D00508A07 /* AddItemViewController.swift in Sources */ = {isa = PBXBuildFile; fileRef = 7600944724259B1D00508A07 /* AddItemViewController.swift */; };
		765A1A4A2421935500BBCF70 /* GoogleService-Info.plist in Resources */ = {isa = PBXBuildFile; fileRef = 765A1A492421935500BBCF70 /* GoogleService-Info.plist */; };
		765A1A4C242197AC00BBCF70 /* FirebaseCollectionReference.swift in Sources */ = {isa = PBXBuildFile; fileRef = 765A1A4B242197AC00BBCF70 /* FirebaseCollectionReference.swift */; };
		769CF27B2420462300429F3D /* AppDelegate.swift in Sources */ = {isa = PBXBuildFile; fileRef = 769CF27A2420462300429F3D /* AppDelegate.swift */; };
		769CF27D2420462300429F3D /* SceneDelegate.swift in Sources */ = {isa = PBXBuildFile; fileRef = 769CF27C2420462300429F3D /* SceneDelegate.swift */; };
		769CF2822420462300429F3D /* Main.storyboard in Resources */ = {isa = PBXBuildFile; fileRef = 769CF2802420462300429F3D /* Main.storyboard */; };
		769CF2842420462600429F3D /* Assets.xcassets in Resources */ = {isa = PBXBuildFile; fileRef = 769CF2832420462600429F3D /* Assets.xcassets */; };
		769CF2872420462600429F3D /* LaunchScreen.storyboard in Resources */ = {isa = PBXBuildFile; fileRef = 769CF2852420462600429F3D /* LaunchScreen.storyboard */; };
		769CF28F2420570B00429F3D /* CategoryCollectionViewController.swift in Sources */ = {isa = PBXBuildFile; fileRef = 769CF28E2420570B00429F3D /* CategoryCollectionViewController.swift */; };
		769CF2912420580300429F3D /* CategoryCollectionViewCell.swift in Sources */ = {isa = PBXBuildFile; fileRef = 769CF2902420580300429F3D /* CategoryCollectionViewCell.swift */; };
		76C5012E2426B2A600AD661D /* Downloader.swift in Sources */ = {isa = PBXBuildFile; fileRef = 76C5012D2426B2A600AD661D /* Downloader.swift */; };
		76C501302426B4C900AD661D /* Reachabilty.swift in Sources */ = {isa = PBXBuildFile; fileRef = 76C5012F2426B4C900AD661D /* Reachabilty.swift */; };
		76DC6BC92423DD7C0083B4C8 /* Category.swift in Sources */ = {isa = PBXBuildFile; fileRef = 76DC6BC82423DD7C0083B4C8 /* Category.swift */; };
		76DC6BCD2423DE3D0083B4C8 /* Constants.swift in Sources */ = {isa = PBXBuildFile; fileRef = 76DC6BCC2423DE3D0083B4C8 /* Constants.swift */; };
		76DC6BCF24244C960083B4C8 /* ItemsTableViewController.swift in Sources */ = {isa = PBXBuildFile; fileRef = 76DC6BCE24244C960083B4C8 /* ItemsTableViewController.swift */; };
		ECB23BAFA37A0A5F1DDC9058 /* Pods_Market.framework in Frameworks */ = {isa = PBXBuildFile; fileRef = 6E60F33FA982B6A596B3614B /* Pods_Market.framework */; };
/* End PBXBuildFile section */

/* Begin PBXFileReference section */
		2350BC6789B543B35A2A4C11 /* Pods-Market.release.xcconfig */ = {isa = PBXFileReference; includeInIndex = 1; lastKnownFileType = text.xcconfig; name = "Pods-Market.release.xcconfig"; path = "Target Support Files/Pods-Market/Pods-Market.release.xcconfig"; sourceTree = "<group>"; };
		6E60F33FA982B6A596B3614B /* Pods_Market.framework */ = {isa = PBXFileReference; explicitFileType = wrapper.framework; includeInIndex = 0; path = Pods_Market.framework; sourceTree = BUILT_PRODUCTS_DIR; };
		7600944524256BA900508A07 /* Item.swift */ = {isa = PBXFileReference; lastKnownFileType = sourcecode.swift; path = Item.swift; sourceTree = "<group>"; };
		7600944724259B1D00508A07 /* AddItemViewController.swift */ = {isa = PBXFileReference; lastKnownFileType = sourcecode.swift; path = AddItemViewController.swift; sourceTree = "<group>"; };
		765A1A492421935500BBCF70 /* GoogleService-Info.plist */ = {isa = PBXFileReference; fileEncoding = 4; lastKnownFileType = text.plist.xml; path = "GoogleService-Info.plist"; sourceTree = "<group>"; };
		765A1A4B242197AC00BBCF70 /* FirebaseCollectionReference.swift */ = {isa = PBXFileReference; lastKnownFileType = sourcecode.swift; path = FirebaseCollectionReference.swift; sourceTree = "<group>"; };
		769CF2772420462300429F3D /* Market.app */ = {isa = PBXFileReference; explicitFileType = wrapper.application; includeInIndex = 0; path = Market.app; sourceTree = BUILT_PRODUCTS_DIR; };
		769CF27A2420462300429F3D /* AppDelegate.swift */ = {isa = PBXFileReference; lastKnownFileType = sourcecode.swift; path = AppDelegate.swift; sourceTree = "<group>"; };
		769CF27C2420462300429F3D /* SceneDelegate.swift */ = {isa = PBXFileReference; lastKnownFileType = sourcecode.swift; path = SceneDelegate.swift; sourceTree = "<group>"; };
		769CF2812420462300429F3D /* Base */ = {isa = PBXFileReference; lastKnownFileType = file.storyboard; name = Base; path = Base.lproj/Main.storyboard; sourceTree = "<group>"; };
		769CF2832420462600429F3D /* Assets.xcassets */ = {isa = PBXFileReference; lastKnownFileType = folder.assetcatalog; path = Assets.xcassets; sourceTree = "<group>"; };
		769CF2862420462600429F3D /* Base */ = {isa = PBXFileReference; lastKnownFileType = file.storyboard; name = Base; path = Base.lproj/LaunchScreen.storyboard; sourceTree = "<group>"; };
		769CF2882420462600429F3D /* Info.plist */ = {isa = PBXFileReference; lastKnownFileType = text.plist.xml; path = Info.plist; sourceTree = "<group>"; };
		769CF28E2420570B00429F3D /* CategoryCollectionViewController.swift */ = {isa = PBXFileReference; lastKnownFileType = sourcecode.swift; path = CategoryCollectionViewController.swift; sourceTree = "<group>"; };
		769CF2902420580300429F3D /* CategoryCollectionViewCell.swift */ = {isa = PBXFileReference; lastKnownFileType = sourcecode.swift; path = CategoryCollectionViewCell.swift; sourceTree = "<group>"; };
		76C5012D2426B2A600AD661D /* Downloader.swift */ = {isa = PBXFileReference; lastKnownFileType = sourcecode.swift; path = Downloader.swift; sourceTree = "<group>"; };
		76C5012F2426B4C900AD661D /* Reachabilty.swift */ = {isa = PBXFileReference; lastKnownFileType = sourcecode.swift; path = Reachabilty.swift; sourceTree = "<group>"; };
		76DC6BC82423DD7C0083B4C8 /* Category.swift */ = {isa = PBXFileReference; lastKnownFileType = sourcecode.swift; path = Category.swift; sourceTree = "<group>"; };
		76DC6BCC2423DE3D0083B4C8 /* Constants.swift */ = {isa = PBXFileReference; lastKnownFileType = sourcecode.swift; path = Constants.swift; sourceTree = "<group>"; };
		76DC6BCE24244C960083B4C8 /* ItemsTableViewController.swift */ = {isa = PBXFileReference; lastKnownFileType = sourcecode.swift; path = ItemsTableViewController.swift; sourceTree = "<group>"; };
		801BE7A6B7904D084E11CEAB /* Pods-Market.debug.xcconfig */ = {isa = PBXFileReference; includeInIndex = 1; lastKnownFileType = text.xcconfig; name = "Pods-Market.debug.xcconfig"; path = "Target Support Files/Pods-Market/Pods-Market.debug.xcconfig"; sourceTree = "<group>"; };
/* End PBXFileReference section */

/* Begin PBXFrameworksBuildPhase section */
		769CF2742420462300429F3D /* Frameworks */ = {
			isa = PBXFrameworksBuildPhase;
			buildActionMask = 2147483647;
			files = (
				ECB23BAFA37A0A5F1DDC9058 /* Pods_Market.framework in Frameworks */,
			);
			runOnlyForDeploymentPostprocessing = 0;
		};
/* End PBXFrameworksBuildPhase section */

/* Begin PBXGroup section */
		3139EEA27B680AA88F27A2CF /* Pods */ = {
			isa = PBXGroup;
			children = (
				801BE7A6B7904D084E11CEAB /* Pods-Market.debug.xcconfig */,
				2350BC6789B543B35A2A4C11 /* Pods-Market.release.xcconfig */,
			);
			path = Pods;
			sourceTree = "<group>";
		};
		596CE62C04A7F5DE3AE9F368 /* Frameworks */ = {
			isa = PBXGroup;
			children = (
				6E60F33FA982B6A596B3614B /* Pods_Market.framework */,
			);
			name = Frameworks;
			sourceTree = "<group>";
		};
		769CF26E2420462300429F3D = {
			isa = PBXGroup;
			children = (
				769CF2792420462300429F3D /* Market */,
				769CF2782420462300429F3D /* Products */,
				3139EEA27B680AA88F27A2CF /* Pods */,
				596CE62C04A7F5DE3AE9F368 /* Frameworks */,
			);
			sourceTree = "<group>";
		};
		769CF2782420462300429F3D /* Products */ = {
			isa = PBXGroup;
			children = (
				769CF2772420462300429F3D /* Market.app */,
			);
			name = Products;
			sourceTree = "<group>";
		};
		769CF2792420462300429F3D /* Market */ = {
			isa = PBXGroup;
			children = (
				769CF27A2420462300429F3D /* AppDelegate.swift */,
				769CF27C2420462300429F3D /* SceneDelegate.swift */,
				76DC6BCA2423DD9D0083B4C8 /* Model */,
				76DC6BC72423DCF70083B4C8 /* Main Views */,
				76DC6BC62423D8970083B4C8 /* Custom Cells */,
				76DC6BCB2423DDFF0083B4C8 /* Helpers */,
				769CF2802420462300429F3D /* Main.storyboard */,
				769CF2832420462600429F3D /* Assets.xcassets */,
				769CF2852420462600429F3D /* LaunchScreen.storyboard */,
				769CF2882420462600429F3D /* Info.plist */,
				765A1A492421935500BBCF70 /* GoogleService-Info.plist */,
			);
			path = Market;
			sourceTree = "<group>";
		};
		76DC6BC62423D8970083B4C8 /* Custom Cells */ = {
			isa = PBXGroup;
			children = (
				769CF2902420580300429F3D /* CategoryCollectionViewCell.swift */,
			);
			path = "Custom Cells";
			sourceTree = "<group>";
		};
		76DC6BC72423DCF70083B4C8 /* Main Views */ = {
			isa = PBXGroup;
			children = (
				769CF28E2420570B00429F3D /* CategoryCollectionViewController.swift */,
				7600944724259B1D00508A07 /* AddItemViewController.swift */,
				76DC6BCE24244C960083B4C8 /* ItemsTableViewController.swift */,
			);
			path = "Main Views";
			sourceTree = "<group>";
		};
		76DC6BCA2423DD9D0083B4C8 /* Model */ = {
			isa = PBXGroup;
			children = (
				76DC6BC82423DD7C0083B4C8 /* Category.swift */,
				7600944524256BA900508A07 /* Item.swift */,
			);
			path = Model;
			sourceTree = "<group>";
		};
		76DC6BCB2423DDFF0083B4C8 /* Helpers */ = {
			isa = PBXGroup;
			children = (
				765A1A4B242197AC00BBCF70 /* FirebaseCollectionReference.swift */,
				76DC6BCC2423DE3D0083B4C8 /* Constants.swift */,
				76C5012F2426B4C900AD661D /* Reachabilty.swift */,
				76C5012D2426B2A600AD661D /* Downloader.swift */,
			);
			path = Helpers;
			sourceTree = "<group>";
		};
/* End PBXGroup section */

/* Begin PBXNativeTarget section */
		769CF2762420462300429F3D /* Market */ = {
			isa = PBXNativeTarget;
			buildConfigurationList = 769CF28B2420462600429F3D /* Build configuration list for PBXNativeTarget "Market" */;
			buildPhases = (
				F232036211D0A7A7E0971E4A /* [CP] Check Pods Manifest.lock */,
				769CF2732420462300429F3D /* Sources */,
				769CF2742420462300429F3D /* Frameworks */,
				769CF2752420462300429F3D /* Resources */,
				48D9DFD9B18452F912AF8B6C /* [CP] Embed Pods Frameworks */,
			);
			buildRules = (
			);
			dependencies = (
			);
			name = Market;
			productName = Market;
			productReference = 769CF2772420462300429F3D /* Market.app */;
			productType = "com.apple.product-type.application";
		};
/* End PBXNativeTarget section */

/* Begin PBXProject section */
		769CF26F2420462300429F3D /* Project object */ = {
			isa = PBXProject;
			attributes = {
				LastSwiftUpdateCheck = 1130;
				LastUpgradeCheck = 1130;
				ORGANIZATIONNAME = "Anthony Howe";
				TargetAttributes = {
					769CF2762420462300429F3D = {
						CreatedOnToolsVersion = 11.3;
					};
				};
			};
			buildConfigurationList = 769CF2722420462300429F3D /* Build configuration list for PBXProject "Market" */;
			compatibilityVersion = "Xcode 9.3";
			developmentRegion = en;
			hasScannedForEncodings = 0;
			knownRegions = (
				en,
				Base,
			);
			mainGroup = 769CF26E2420462300429F3D;
			productRefGroup = 769CF2782420462300429F3D /* Products */;
			projectDirPath = "";
			projectRoot = "";
			targets = (
				769CF2762420462300429F3D /* Market */,
			);
		};
/* End PBXProject section */

/* Begin PBXResourcesBuildPhase section */
		769CF2752420462300429F3D /* Resources */ = {
			isa = PBXResourcesBuildPhase;
			buildActionMask = 2147483647;
			files = (
				769CF2872420462600429F3D /* LaunchScreen.storyboard in Resources */,
				765A1A4A2421935500BBCF70 /* GoogleService-Info.plist in Resources */,
				769CF2842420462600429F3D /* Assets.xcassets in Resources */,
				769CF2822420462300429F3D /* Main.storyboard in Resources */,
			);
			runOnlyForDeploymentPostprocessing = 0;
		};
/* End PBXResourcesBuildPhase section */

/* Begin PBXShellScriptBuildPhase section */
		48D9DFD9B18452F912AF8B6C /* [CP] Embed Pods Frameworks */ = {
			isa = PBXShellScriptBuildPhase;
			buildActionMask = 2147483647;
			files = (
			);
			inputFileListPaths = (
				"${PODS_ROOT}/Target Support Files/Pods-Market/Pods-Market-frameworks-${CONFIGURATION}-input-files.xcfilelist",
			);
			name = "[CP] Embed Pods Frameworks";
			outputFileListPaths = (
				"${PODS_ROOT}/Target Support Files/Pods-Market/Pods-Market-frameworks-${CONFIGURATION}-output-files.xcfilelist",
			);
			runOnlyForDeploymentPostprocessing = 0;
			shellPath = /bin/sh;
			shellScript = "\"${PODS_ROOT}/Target Support Files/Pods-Market/Pods-Market-frameworks.sh\"\n";
			showEnvVarsInLog = 0;
		};
		F232036211D0A7A7E0971E4A /* [CP] Check Pods Manifest.lock */ = {
			isa = PBXShellScriptBuildPhase;
			buildActionMask = 2147483647;
			files = (
			);
			inputFileListPaths = (
			);
			inputPaths = (
				"${PODS_PODFILE_DIR_PATH}/Podfile.lock",
				"${PODS_ROOT}/Manifest.lock",
			);
			name = "[CP] Check Pods Manifest.lock";
			outputFileListPaths = (
			);
			outputPaths = (
				"$(DERIVED_FILE_DIR)/Pods-Market-checkManifestLockResult.txt",
			);
			runOnlyForDeploymentPostprocessing = 0;
			shellPath = /bin/sh;
			shellScript = "diff \"${PODS_PODFILE_DIR_PATH}/Podfile.lock\" \"${PODS_ROOT}/Manifest.lock\" > /dev/null\nif [ $? != 0 ] ; then\n    # print error to STDERR\n    echo \"error: The sandbox is not in sync with the Podfile.lock. Run 'pod install' or update your CocoaPods installation.\" >&2\n    exit 1\nfi\n# This output is used by Xcode 'outputs' to avoid re-running this script phase.\necho \"SUCCESS\" > \"${SCRIPT_OUTPUT_FILE_0}\"\n";
			showEnvVarsInLog = 0;
		};
/* End PBXShellScriptBuildPhase section */

/* Begin PBXSourcesBuildPhase section */
		769CF2732420462300429F3D /* Sources */ = {
			isa = PBXSourcesBuildPhase;
			buildActionMask = 2147483647;
			files = (
				76C501302426B4C900AD661D /* Reachabilty.swift in Sources */,
				769CF2912420580300429F3D /* CategoryCollectionViewCell.swift in Sources */,
				7600944624256BA900508A07 /* Item.swift in Sources */,
				76C5012E2426B2A600AD661D /* Downloader.swift in Sources */,
				769CF27B2420462300429F3D /* AppDelegate.swift in Sources */,
				76DC6BCF24244C960083B4C8 /* ItemsTableViewController.swift in Sources */,
				765A1A4C242197AC00BBCF70 /* FirebaseCollectionReference.swift in Sources */,
				7600944824259B1D00508A07 /* AddItemViewController.swift in Sources */,
				769CF27D2420462300429F3D /* SceneDelegate.swift in Sources */,
				76DC6BCD2423DE3D0083B4C8 /* Constants.swift in Sources */,
				769CF28F2420570B00429F3D /* CategoryCollectionViewController.swift in Sources */,
				76DC6BC92423DD7C0083B4C8 /* Category.swift in Sources */,
			);
			runOnlyForDeploymentPostprocessing = 0;
		};
/* End PBXSourcesBuildPhase section */

/* Begin PBXVariantGroup section */
		769CF2802420462300429F3D /* Main.storyboard */ = {
			isa = PBXVariantGroup;
			children = (
				769CF2812420462300429F3D /* Base */,
			);
			name = Main.storyboard;
			sourceTree = "<group>";
		};
		769CF2852420462600429F3D /* LaunchScreen.storyboard */ = {
			isa = PBXVariantGroup;
			children = (
				769CF2862420462600429F3D /* Base */,
			);
			name = LaunchScreen.storyboard;
			sourceTree = "<group>";
		};
/* End PBXVariantGroup section */

/* Begin XCBuildConfiguration section */
		769CF2892420462600429F3D /* Debug */ = {
			isa = XCBuildConfiguration;
			buildSettings = {
				ALWAYS_SEARCH_USER_PATHS = NO;
				CLANG_ANALYZER_NONNULL = YES;
				CLANG_ANALYZER_NUMBER_OBJECT_CONVERSION = YES_AGGRESSIVE;
				CLANG_CXX_LANGUAGE_STANDARD = "gnu++14";
				CLANG_CXX_LIBRARY = "libc++";
				CLANG_ENABLE_MODULES = YES;
				CLANG_ENABLE_OBJC_ARC = YES;
				CLANG_ENABLE_OBJC_WEAK = YES;
				CLANG_WARN_BLOCK_CAPTURE_AUTORELEASING = YES;
				CLANG_WARN_BOOL_CONVERSION = YES;
				CLANG_WARN_COMMA = YES;
				CLANG_WARN_CONSTANT_CONVERSION = YES;
				CLANG_WARN_DEPRECATED_OBJC_IMPLEMENTATIONS = YES;
				CLANG_WARN_DIRECT_OBJC_ISA_USAGE = YES_ERROR;
				CLANG_WARN_DOCUMENTATION_COMMENTS = YES;
				CLANG_WARN_EMPTY_BODY = YES;
				CLANG_WARN_ENUM_CONVERSION = YES;
				CLANG_WARN_INFINITE_RECURSION = YES;
				CLANG_WARN_INT_CONVERSION = YES;
				CLANG_WARN_NON_LITERAL_NULL_CONVERSION = YES;
				CLANG_WARN_OBJC_IMPLICIT_RETAIN_SELF = YES;
				CLANG_WARN_OBJC_LITERAL_CONVERSION = YES;
				CLANG_WARN_OBJC_ROOT_CLASS = YES_ERROR;
				CLANG_WARN_RANGE_LOOP_ANALYSIS = YES;
				CLANG_WARN_STRICT_PROTOTYPES = YES;
				CLANG_WARN_SUSPICIOUS_MOVE = YES;
				CLANG_WARN_UNGUARDED_AVAILABILITY = YES_AGGRESSIVE;
				CLANG_WARN_UNREACHABLE_CODE = YES;
				CLANG_WARN__DUPLICATE_METHOD_MATCH = YES;
				COPY_PHASE_STRIP = NO;
				DEBUG_INFORMATION_FORMAT = dwarf;
				ENABLE_STRICT_OBJC_MSGSEND = YES;
				ENABLE_TESTABILITY = YES;
				GCC_C_LANGUAGE_STANDARD = gnu11;
				GCC_DYNAMIC_NO_PIC = NO;
				GCC_NO_COMMON_BLOCKS = YES;
				GCC_OPTIMIZATION_LEVEL = 0;
				GCC_PREPROCESSOR_DEFINITIONS = (
					"DEBUG=1",
					"$(inherited)",
				);
				GCC_WARN_64_TO_32_BIT_CONVERSION = YES;
				GCC_WARN_ABOUT_RETURN_TYPE = YES_ERROR;
				GCC_WARN_UNDECLARED_SELECTOR = YES;
				GCC_WARN_UNINITIALIZED_AUTOS = YES_AGGRESSIVE;
				GCC_WARN_UNUSED_FUNCTION = YES;
				GCC_WARN_UNUSED_VARIABLE = YES;
				IPHONEOS_DEPLOYMENT_TARGET = 13.2;
				MTL_ENABLE_DEBUG_INFO = INCLUDE_SOURCE;
				MTL_FAST_MATH = YES;
				ONLY_ACTIVE_ARCH = YES;
				SDKROOT = iphoneos;
				SWIFT_ACTIVE_COMPILATION_CONDITIONS = DEBUG;
				SWIFT_OPTIMIZATION_LEVEL = "-Onone";
			};
			name = Debug;
		};
		769CF28A2420462600429F3D /* Release */ = {
			isa = XCBuildConfiguration;
			buildSettings = {
				ALWAYS_SEARCH_USER_PATHS = NO;
				CLANG_ANALYZER_NONNULL = YES;
				CLANG_ANALYZER_NUMBER_OBJECT_CONVERSION = YES_AGGRESSIVE;
				CLANG_CXX_LANGUAGE_STANDARD = "gnu++14";
				CLANG_CXX_LIBRARY = "libc++";
				CLANG_ENABLE_MODULES = YES;
				CLANG_ENABLE_OBJC_ARC = YES;
				CLANG_ENABLE_OBJC_WEAK = YES;
				CLANG_WARN_BLOCK_CAPTURE_AUTORELEASING = YES;
				CLANG_WARN_BOOL_CONVERSION = YES;
				CLANG_WARN_COMMA = YES;
				CLANG_WARN_CONSTANT_CONVERSION = YES;
				CLANG_WARN_DEPRECATED_OBJC_IMPLEMENTATIONS = YES;
				CLANG_WARN_DIRECT_OBJC_ISA_USAGE = YES_ERROR;
				CLANG_WARN_DOCUMENTATION_COMMENTS = YES;
				CLANG_WARN_EMPTY_BODY = YES;
				CLANG_WARN_ENUM_CONVERSION = YES;
				CLANG_WARN_INFINITE_RECURSION = YES;
				CLANG_WARN_INT_CONVERSION = YES;
				CLANG_WARN_NON_LITERAL_NULL_CONVERSION = YES;
				CLANG_WARN_OBJC_IMPLICIT_RETAIN_SELF = YES;
				CLANG_WARN_OBJC_LITERAL_CONVERSION = YES;
				CLANG_WARN_OBJC_ROOT_CLASS = YES_ERROR;
				CLANG_WARN_RANGE_LOOP_ANALYSIS = YES;
				CLANG_WARN_STRICT_PROTOTYPES = YES;
				CLANG_WARN_SUSPICIOUS_MOVE = YES;
				CLANG_WARN_UNGUARDED_AVAILABILITY = YES_AGGRESSIVE;
				CLANG_WARN_UNREACHABLE_CODE = YES;
				CLANG_WARN__DUPLICATE_METHOD_MATCH = YES;
				COPY_PHASE_STRIP = NO;
				DEBUG_INFORMATION_FORMAT = "dwarf-with-dsym";
				ENABLE_NS_ASSERTIONS = NO;
				ENABLE_STRICT_OBJC_MSGSEND = YES;
				GCC_C_LANGUAGE_STANDARD = gnu11;
				GCC_NO_COMMON_BLOCKS = YES;
				GCC_WARN_64_TO_32_BIT_CONVERSION = YES;
				GCC_WARN_ABOUT_RETURN_TYPE = YES_ERROR;
				GCC_WARN_UNDECLARED_SELECTOR = YES;
				GCC_WARN_UNINITIALIZED_AUTOS = YES_AGGRESSIVE;
				GCC_WARN_UNUSED_FUNCTION = YES;
				GCC_WARN_UNUSED_VARIABLE = YES;
				IPHONEOS_DEPLOYMENT_TARGET = 13.2;
				MTL_ENABLE_DEBUG_INFO = NO;
				MTL_FAST_MATH = YES;
				SDKROOT = iphoneos;
				SWIFT_COMPILATION_MODE = wholemodule;
				SWIFT_OPTIMIZATION_LEVEL = "-O";
				VALIDATE_PRODUCT = YES;
			};
			name = Release;
		};
		769CF28C2420462600429F3D /* Debug */ = {
			isa = XCBuildConfiguration;
			baseConfigurationReference = 801BE7A6B7904D084E11CEAB /* Pods-Market.debug.xcconfig */;
			buildSettings = {
				ASSETCATALOG_COMPILER_APPICON_NAME = AppIcon;
				CODE_SIGN_STYLE = Automatic;
				DEVELOPMENT_TEAM = DTG8TB2ZU8;
				INFOPLIST_FILE = Market/Info.plist;
				IPHONEOS_DEPLOYMENT_TARGET = 13.2;
				LD_RUNPATH_SEARCH_PATHS = (
					"$(inherited)",
					"@executable_path/Frameworks",
				);
				PRODUCT_BUNDLE_IDENTIFIER = com.anthonyh.Market;
				PRODUCT_NAME = "$(TARGET_NAME)";
				SWIFT_VERSION = 5.0;
				TARGETED_DEVICE_FAMILY = "1,2";
			};
			name = Debug;
		};
		769CF28D2420462600429F3D /* Release */ = {
			isa = XCBuildConfiguration;
			baseConfigurationReference = 2350BC6789B543B35A2A4C11 /* Pods-Market.release.xcconfig */;
			buildSettings = {
				ASSETCATALOG_COMPILER_APPICON_NAME = AppIcon;
				CODE_SIGN_STYLE = Automatic;
				DEVELOPMENT_TEAM = DTG8TB2ZU8;
				INFOPLIST_FILE = Market/Info.plist;
				IPHONEOS_DEPLOYMENT_TARGET = 13.2;
				LD_RUNPATH_SEARCH_PATHS = (
					"$(inherited)",
					"@executable_path/Frameworks",
				);
				PRODUCT_BUNDLE_IDENTIFIER = com.anthonyh.Market;
				PRODUCT_NAME = "$(TARGET_NAME)";
				SWIFT_VERSION = 5.0;
				TARGETED_DEVICE_FAMILY = "1,2";
			};
			name = Release;
		};
/* End XCBuildConfiguration section */

/* Begin XCConfigurationList section */
		769CF2722420462300429F3D /* Build configuration list for PBXProject "Market" */ = {
			isa = XCConfigurationList;
			buildConfigurations = (
				769CF2892420462600429F3D /* Debug */,
				769CF28A2420462600429F3D /* Release */,
			);
			defaultConfigurationIsVisible = 0;
			defaultConfigurationName = Release;
		};
		769CF28B2420462600429F3D /* Build configuration list for PBXNativeTarget "Market" */ = {
			isa = XCConfigurationList;
			buildConfigurations = (
				769CF28C2420462600429F3D /* Debug */,
				769CF28D2420462600429F3D /* Release */,
			);
			defaultConfigurationIsVisible = 0;
			defaultConfigurationName = Release;
		};
/* End XCConfigurationList section */
	};
	rootObject = 769CF26F2420462300429F3D /* Project object */;
}
